# This file is autogenerated, do not edit; changes may be undone by the next 'dep ensure'.


[[projects]]
  branch = "master"
  digest = "1:d22845779d6e7e44216773e6b3c4d9386a1c0bef11d9477a81e02b2d09980de8"
  name = "github.com/golang/geo"
  packages = [
    "r1",
    "r2",
    "r3",
    "s1",
    "s2",
  ]
  pruneopts = "UT"
  revision = "476085157cff9aaeef4d4f124649436542d4114a"

[solve-meta]
  analyzer-name = "dep"
  analyzer-version = 1
  input-imports = ["github.com/golang/geo/s2"]
  solver-name = "gps-cdcl"
  solver-version = 1
